// !$*UTF8*$!
{
	archiveVersion = 1;
	classes = {
	};
	objectVersion = 50;
	objects = {

/* Begin PBXBuildFile section */
		681399F42219F26600593BFB /* AppDelegate.m in Sources */ = {isa = PBXBuildFile; fileRef = 681399F32219F26600593BFB /* AppDelegate.m */; };
		681399FC2219F26900593BFB /* Assets.xcassets in Resources */ = {isa = PBXBuildFile; fileRef = 681399FB2219F26900593BFB /* Assets.xcassets */; };
		681399FF2219F26900593BFB /* LaunchScreen.storyboard in Resources */ = {isa = PBXBuildFile; fileRef = 681399FD2219F26900593BFB /* LaunchScreen.storyboard */; };
		68139A022219F26900593BFB /* main.m in Sources */ = {isa = PBXBuildFile; fileRef = 68139A012219F26900593BFB /* main.m */; };
		68139A0B2219F8C400593BFB /* MeuPrimeiroViewController.m in Sources */ = {isa = PBXBuildFile; fileRef = 68139A092219F8C400593BFB /* MeuPrimeiroViewController.m */; };
		68139A0C2219F8C400593BFB /* MeuPrimeiroViewController.xib in Resources */ = {isa = PBXBuildFile; fileRef = 68139A0A2219F8C400593BFB /* MeuPrimeiroViewController.xib */; };
/* End PBXBuildFile section */

/* Begin PBXFileReference section */
		681399EF2219F26500593BFB /* BemVindo.app */ = {isa = PBXFileReference; explicitFileType = wrapper.application; includeInIndex = 0; path = BemVindo.app; sourceTree = BUILT_PRODUCTS_DIR; };
		681399F22219F26600593BFB /* AppDelegate.h */ = {isa = PBXFileReference; lastKnownFileType = sourcecode.c.h; path = AppDelegate.h; sourceTree = "<group>"; };
		681399F32219F26600593BFB /* AppDelegate.m */ = {isa = PBXFileReference; lastKnownFileType = sourcecode.c.objc; path = AppDelegate.m; sourceTree = "<group>"; };
		681399FB2219F26900593BFB /* Assets.xcassets */ = {isa = PBXFileReference; lastKnownFileType = folder.assetcatalog; path = Assets.xcassets; sourceTree = "<group>"; };
		681399FE2219F26900593BFB /* Base */ = {isa = PBXFileReference; lastKnownFileType = file.storyboard; name = Base; path = Base.lproj/LaunchScreen.storyboard; sourceTree = "<group>"; };
		68139A002219F26900593BFB /* Info.plist */ = {isa = PBXFileReference; lastKnownFileType = text.plist.xml; path = Info.plist; sourceTree = "<group>"; };
		68139A012219F26900593BFB /* main.m */ = {isa = PBXFileReference; lastKnownFileType = sourcecode.c.objc; path = main.m; sourceTree = "<group>"; };
		68139A082219F8C400593BFB /* MeuPrimeiroViewController.h */ = {isa = PBXFileReference; lastKnownFileType = sourcecode.c.h; path = MeuPrimeiroViewController.h; sourceTree = "<group>"; };
		68139A092219F8C400593BFB /* MeuPrimeiroViewController.m */ = {isa = PBXFileReference; lastKnownFileType = sourcecode.c.objc; path = MeuPrimeiroViewController.m; sourceTree = "<group>"; };
		68139A0A2219F8C400593BFB /* MeuPrimeiroViewController.xib */ = {isa = PBXFileReference; lastKnownFileType = file.xib; path = MeuPrimeiroViewController.xib; sourceTree = "<group>"; };
/* End PBXFileReference section */

/* Begin PBXFrameworksBuildPhase section */
		681399EC2219F26500593BFB /* Frameworks */ = {
			isa = PBXFrameworksBuildPhase;
			buildActionMask = 2147483647;
			files = (
			);
			runOnlyForDeploymentPostprocessing = 0;
		};
/* End PBXFrameworksBuildPhase section */

/* Begin PBXGroup section */
		681399E62219F26500593BFB = {
			isa = PBXGroup;
			children = (
				681399F12219F26500593BFB /* BemVindo */,
				681399F02219F26500593BFB /* Products */,
			);
			sourceTree = "<group>";
		};
		681399F02219F26500593BFB /* Products */ = {
			isa = PBXGroup;
			children = (
				681399EF2219F26500593BFB /* BemVindo.app */,
			);
			name = Products;
			sourceTree = "<group>";
		};
		681399F12219F26500593BFB /* BemVindo */ = {
			isa = PBXGroup;
			children = (
				681399F22219F26600593BFB /* AppDelegate.h */,
				681399F32219F26600593BFB /* AppDelegate.m */,
				68139A082219F8C400593BFB /* MeuPrimeiroViewController.h */,
				68139A092219F8C400593BFB /* MeuPrimeiroViewController.m */,
				68139A0A2219F8C400593BFB /* MeuPrimeiroViewController.xib */,
				681399FB2219F26900593BFB /* Assets.xcassets */,
				681399FD2219F26900593BFB /* LaunchScreen.storyboard */,
				68139A002219F26900593BFB /* Info.plist */,
				68139A012219F26900593BFB /* main.m */,
			);
			path = BemVindo;
			sourceTree = "<group>";
		};
/* End PBXGroup section */

/* Begin PBXNativeTarget section */
		681399EE2219F26500593BFB /* BemVindo */ = {
			isa = PBXNativeTarget;
			buildConfigurationList = 68139A052219F26900593BFB /* Build configuration list for PBXNativeTarget "BemVindo" */;
			buildPhases = (
				681399EB2219F26500593BFB /* Sources */,
				681399EC2219F26500593BFB /* Frameworks */,
				681399ED2219F26500593BFB /* Resources */,
			);
			buildRules = (
			);
			dependencies = (
			);
			name = BemVindo;
			productName = BemVindo;
			productReference = 681399EF2219F26500593BFB /* BemVindo.app */;
			productType = "com.apple.product-type.application";
		};
/* End PBXNativeTarget section */

/* Begin PBXProject section */
		681399E72219F26500593BFB /* Project object */ = {
			isa = PBXProject;
			attributes = {
				LastUpgradeCheck = 1010;
				ORGANIZATIONNAME = levisaturnino;
				TargetAttributes = {
					681399EE2219F26500593BFB = {
						CreatedOnToolsVersion = 10.1;
					};
				};
			};
			buildConfigurationList = 681399EA2219F26500593BFB /* Build configuration list for PBXProject "BemVindo" */;
			compatibilityVersion = "Xcode 9.3";
			developmentRegion = en;
			hasScannedForEncodings = 0;
			knownRegions = (
				en,
				Base,
			);
			mainGroup = 681399E62219F26500593BFB;
			productRefGroup = 681399F02219F26500593BFB /* Products */;
			projectDirPath = "";
			projectRoot = "";
			targets = (
				681399EE2219F26500593BFB /* BemVindo */,
			);
		};
/* End PBXProject section */

/* Begin PBXResourcesBuildPhase section */
		681399ED2219F26500593BFB /* Resources */ = {
			isa = PBXResourcesBuildPhase;
			buildActionMask = 2147483647;
			files = (
				681399FF2219F26900593BFB /* LaunchScreen.storyboard in Resources */,
				68139A0C2219F8C400593BFB /* MeuPrimeiroViewController.xib in Resources */,
				681399FC2219F26900593BFB /* Assets.xcassets in Resources */,
			);
			runOnlyForDeploymentPostprocessing = 0;
		};
/* End PBXResourcesBuildPhase section */

/* Begin PBXSourcesBuildPhase section */
		681399EB2219F26500593BFB /* Sources */ = {
			isa = PBXSourcesBuildPhase;
			buildActionMask = 2147483647;
			files = (
				68139A0B2219F8C400593BFB /* MeuPrimeiroViewController.m in Sources */,
				68139A022219F26900593BFB /* main.m in Sources */,
				681399F42219F26600593BFB /* AppDelegate.m in Sources */,
			);
			runOnlyForDeploymentPostprocessing = 0;
		};
/* End PBXSourcesBuildPhase section */

/* Begin PBXVariantGroup section */
		681399FD2219F26900593BFB /* LaunchScreen.storyboard */ = {
			isa = PBXVariantGroup;
			children = (
				681399FE2219F26900593BFB /* Base */,
			);
			name = LaunchScreen.storyboard;
			sourceTree = "<group>";
		};
/* End PBXVariantGroup section */

/* Begin XCBuildConfiguration section */
		68139A032219F26900593BFB /* Debug */ = {
			isa = XCBuildConfiguration;
			buildSettings = {
				ALWAYS_SEARCH_USER_PATHS = NO;
				CLANG_ANALYZER_NONNULL = YES;
				CLANG_ANALYZER_NUMBER_OBJECT_CONVERSION = YES_AGGRESSIVE;
				CLANG_CXX_LANGUAGE_STANDARD = "gnu++14";
				CLANG_CXX_LIBRARY = "libc++";
				CLANG_ENABLE_MODULES = YES;
				CLANG_ENABLE_OBJC_ARC = YES;
				CLANG_ENABLE_OBJC_WEAK = YES;
				CLANG_WARN_BLOCK_CAPTURE_AUTORELEASING = YES;
				CLANG_WARN_BOOL_CONVERSION = YES;
				CLANG_WARN_COMMA = YES;
				CLANG_WARN_CONSTANT_CONVERSION = YES;
				CLANG_WARN_DEPRECATED_OBJC_IMPLEMENTATIONS = YES;
				CLANG_WARN_DIRECT_OBJC_ISA_USAGE = YES_ERROR;
				CLANG_WARN_DOCUMENTATION_COMMENTS = YES;
				CLANG_WARN_EMPTY_BODY = YES;
				CLANG_WARN_ENUM_CONVERSION = YES;
				CLANG_WARN_INFINITE_RECURSION = YES;
				CLANG_WARN_INT_CONVERSION = YES;
				CLANG_WARN_NON_LITERAL_NULL_CONVERSION = YES;
				CLANG_WARN_OBJC_IMPLICIT_RETAIN_SELF = YES;
				CLANG_WARN_OBJC_LITERAL_CONVERSION = YES;
				CLANG_WARN_OBJC_ROOT_CLASS = YES_ERROR;
				CLANG_WARN_RANGE_LOOP_ANALYSIS = YES;
				CLANG_WARN_STRICT_PROTOTYPES = YES;
				CLANG_WARN_SUSPICIOUS_MOVE = YES;
				CLANG_WARN_UNGUARDED_AVAILABILITY = YES_AGGRESSIVE;
				CLANG_WARN_UNREACHABLE_CODE = YES;
				CLANG_WARN__DUPLICATE_METHOD_MATCH = YES;
				CODE_SIGN_IDENTITY = "iPhone Developer";
				COPY_PHASE_STRIP = NO;
				DEBUG_INFORMATION_FORMAT = dwarf;
				ENABLE_STRICT_OBJC_MSGSEND = YES;
				ENABLE_TESTABILITY = YES;
				GCC_C_LANGUAGE_STANDARD = gnu11;
				GCC_DYNAMIC_NO_PIC = NO;
				GCC_NO_COMMON_BLOCKS = YES;
				GCC_OPTIMIZATION_LEVEL = 0;
				GCC_PREPROCESSOR_DEFINITIONS = (
					"DEBUG=1",
					"$(inherited)",
				);
				GCC_WARN_64_TO_32_BIT_CONVERSION = YES;
				GCC_WARN_ABOUT_RETURN_TYPE = YES_ERROR;
				GCC_WARN_UNDECLARED_SELECTOR = YES;
				GCC_WARN_UNINITIALIZED_AUTOS = YES_AGGRESSIVE;
				GCC_WARN_UNUSED_FUNCTION = YES;
				GCC_WARN_UNUSED_VARIABLE = YES;
				IPHONEOS_DEPLOYMENT_TARGET = 12.1;
				MTL_ENABLE_DEBUG_INFO = INCLUDE_SOURCE;
				MTL_FAST_MATH = YES;
				ONLY_ACTIVE_ARCH = YES;
				SDKROOT = iphoneos;
			};
			name = Debug;
		};
		68139A042219F26900593BFB /* Release */ = {
			isa = XCBuildConfiguration;
			buildSettings = {
				ALWAYS_SEARCH_USER_PATHS = NO;
				CLANG_ANALYZER_NONNULL = YES;
				CLANG_ANALYZER_NUMBER_OBJECT_CONVERSION = YES_AGGRESSIVE;
				CLANG_CXX_LANGUAGE_STANDARD = "gnu++14";
				CLANG_CXX_LIBRARY = "libc++";
				CLANG_ENABLE_MODULES = YES;
				CLANG_ENABLE_OBJC_ARC = YES;
				CLANG_ENABLE_OBJC_WEAK = YES;
				CLANG_WARN_BLOCK_CAPTURE_AUTORELEASING = YES;
				CLANG_WARN_BOOL_CONVERSION = YES;
				CLANG_WARN_COMMA = YES;
				CLANG_WARN_CONSTANT_CONVERSION = YES;
				CLANG_WARN_DEPRECATED_OBJC_IMPLEMENTATIONS = YES;
				CLANG_WARN_DIRECT_OBJC_ISA_USAGE = YES_ERROR;
				CLANG_WARN_DOCUMENTATION_COMMENTS = YES;
				CLANG_WARN_EMPTY_BODY = YES;
				CLANG_WARN_ENUM_CONVERSION = YES;
				CLANG_WARN_INFINITE_RECURSION = YES;
				CLANG_WARN_INT_CONVERSION = YES;
				CLANG_WARN_NON_LITERAL_NULL_CONVERSION = YES;
				CLANG_WARN_OBJC_IMPLICIT_RETAIN_SELF = YES;
				CLANG_WARN_OBJC_LITERAL_CONVERSION = YES;
				CLANG_WARN_OBJC_ROOT_CLASS = YES_ERROR;
				CLANG_WARN_RANGE_LOOP_ANALYSIS = YES;
				CLANG_WARN_STRICT_PROTOTYPES = YES;
				CLANG_WARN_SUSPICIOUS_MOVE = YES;
				CLANG_WARN_UNGUARDED_AVAILABILITY = YES_AGGRESSIVE;
				CLANG_WARN_UNREACHABLE_CODE = YES;
				CLANG_WARN__DUPLICATE_METHOD_MATCH = YES;
				CODE_SIGN_IDENTITY = "iPhone Developer";
				COPY_PHASE_STRIP = NO;
				DEBUG_INFORMATION_FORMAT = "dwarf-with-dsym";
				ENABLE_NS_ASSERTIONS = NO;
				ENABLE_STRICT_OBJC_MSGSEND = YES;
				GCC_C_LANGUAGE_STANDARD = gnu11;
				GCC_NO_COMMON_BLOCKS = YES;
				GCC_WARN_64_TO_32_BIT_CONVERSION = YES;
				GCC_WARN_ABOUT_RETURN_TYPE = YES_ERROR;
				GCC_WARN_UNDECLARED_SELECTOR = YES;
				GCC_WARN_UNINITIALIZED_AUTOS = YES_AGGRESSIVE;
				GCC_WARN_UNUSED_FUNCTION = YES;
				GCC_WARN_UNUSED_VARIABLE = YES;
				IPHONEOS_DEPLOYMENT_TARGET = 12.1;
				MTL_ENABLE_DEBUG_INFO = NO;
				MTL_FAST_MATH = YES;
				SDKROOT = iphoneos;
				VALIDATE_PRODUCT = YES;
			};
			name = Release;
		};
		68139A062219F26900593BFB /* Debug */ = {
			isa = XCBuildConfiguration;
			buildSettings = {
				ASSETCATALOG_COMPILER_APPICON_NAME = AppIcon;
				CODE_SIGN_STYLE = Automatic;
				INFOPLIST_FILE = BemVindo/Info.plist;
				LD_RUNPATH_SEARCH_PATHS = (
					"$(inherited)",
					"@executable_path/Frameworks",
				);
				PRODUCT_BUNDLE_IDENTIFIER = br.com.levisaturnino.BemVindo;
				PRODUCT_NAME = "$(TARGET_NAME)";
				TARGETED_DEVICE_FAMILY = "1,2";
			};
			name = Debug;
		};
		68139A072219F26900593BFB /* Release */ = {
			isa = XCBuildConfiguration;
			buildSettings = {
				ASSETCATALOG_COMPILER_APPICON_NAME = AppIcon;
				CODE_SIGN_STYLE = Automatic;
				INFOPLIST_FILE = BemVindo/Info.plist;
				LD_RUNPATH_SEARCH_PATHS = (
					"$(inherited)",
					"@executable_path/Frameworks",
				);
				PRODUCT_BUNDLE_IDENTIFIER = br.com.levisaturnino.BemVindo;
				PRODUCT_NAME = "$(TARGET_NAME)";
				TARGETED_DEVICE_FAMILY = "1,2";
			};
			name = Release;
		};
/* End XCBuildConfiguration section */

/* Begin XCConfigurationList section */
		681399EA2219F26500593BFB /* Build configuration list for PBXProject "BemVindo" */ = {
			isa = XCConfigurationList;
			buildConfigurations = (
				68139A032219F26900593BFB /* Debug */,
				68139A042219F26900593BFB /* Release */,
			);
			defaultConfigurationIsVisible = 0;
			defaultConfigurationName = Release;
		};
		68139A052219F26900593BFB /* Build configuration list for PBXNativeTarget "BemVindo" */ = {
			isa = XCConfigurationList;
			buildConfigurations = (
				68139A062219F26900593BFB /* Debug */,
				68139A072219F26900593BFB /* Release */,
			);
			defaultConfigurationIsVisible = 0;
			defaultConfigurationName = Release;
		};
/* End XCConfigurationList section */
	};
	rootObject = 681399E72219F26500593BFB /* Project object */;
}
