// !$*UTF8*$!
{
	archiveVersion = 1;
	classes = {
	};
	objectVersion = 50;
	objects = {

/* Begin PBXBuildFile section */
		6803A0F221D2E38300DEB823 /* AppDelegate.swift in Sources */ = {isa = PBXBuildFile; fileRef = 6803A0F121D2E38300DEB823 /* AppDelegate.swift */; };
		6803A0F421D2E38300DEB823 /* ViewController.swift in Sources */ = {isa = PBXBuildFile; fileRef = 6803A0F321D2E38300DEB823 /* ViewController.swift */; };
		6803A0F721D2E38300DEB823 /* Main.storyboard in Resources */ = {isa = PBXBuildFile; fileRef = 6803A0F521D2E38300DEB823 /* Main.storyboard */; };
		6803A0F921D2E38500DEB823 /* Assets.xcassets in Resources */ = {isa = PBXBuildFile; fileRef = 6803A0F821D2E38500DEB823 /* Assets.xcassets */; };
		6803A0FC21D2E38500DEB823 /* LaunchScreen.storyboard in Resources */ = {isa = PBXBuildFile; fileRef = 6803A0FA21D2E38500DEB823 /* LaunchScreen.storyboard */; };
		6803A10421D2FCAE00DEB823 /* Icon-App-83.5x83.5@2x.png in Resources */ = {isa = PBXBuildFile; fileRef = 6803A10321D2FCAE00DEB823 /* Icon-App-83.5x83.5@2x.png */; };
		BA8714E0AC42128FED9B0E13 /* Pods_midiacerta.framework in Frameworks */ = {isa = PBXBuildFile; fileRef = 919536BA814A3ED025E26A88 /* Pods_midiacerta.framework */; };
/* End PBXBuildFile section */

/* Begin PBXFileReference section */
		0769F0DF64199B49AEDA6885 /* Pods-midiacerta.debug.xcconfig */ = {isa = PBXFileReference; includeInIndex = 1; lastKnownFileType = text.xcconfig; name = "Pods-midiacerta.debug.xcconfig"; path = "Pods/Target Support Files/Pods-midiacerta/Pods-midiacerta.debug.xcconfig"; sourceTree = "<group>"; };
		6803A0EE21D2E38300DEB823 /* midiacerta.app */ = {isa = PBXFileReference; explicitFileType = wrapper.application; includeInIndex = 0; path = midiacerta.app; sourceTree = BUILT_PRODUCTS_DIR; };
		6803A0F121D2E38300DEB823 /* AppDelegate.swift */ = {isa = PBXFileReference; lastKnownFileType = sourcecode.swift; path = AppDelegate.swift; sourceTree = "<group>"; };
		6803A0F321D2E38300DEB823 /* ViewController.swift */ = {isa = PBXFileReference; lastKnownFileType = sourcecode.swift; path = ViewController.swift; sourceTree = "<group>"; };
		6803A0F621D2E38300DEB823 /* Base */ = {isa = PBXFileReference; lastKnownFileType = file.storyboard; name = Base; path = Base.lproj/Main.storyboard; sourceTree = "<group>"; };
		6803A0F821D2E38500DEB823 /* Assets.xcassets */ = {isa = PBXFileReference; lastKnownFileType = folder.assetcatalog; path = Assets.xcassets; sourceTree = "<group>"; };
		6803A0FB21D2E38500DEB823 /* Base */ = {isa = PBXFileReference; lastKnownFileType = file.storyboard; name = Base; path = Base.lproj/LaunchScreen.storyboard; sourceTree = "<group>"; };
		6803A0FD21D2E38500DEB823 /* Info.plist */ = {isa = PBXFileReference; lastKnownFileType = text.plist.xml; path = Info.plist; sourceTree = "<group>"; };
		6803A10321D2FCAE00DEB823 /* Icon-App-83.5x83.5@2x.png */ = {isa = PBXFileReference; lastKnownFileType = image.png; path = "Icon-App-83.5x83.5@2x.png"; sourceTree = "<group>"; };
		919536BA814A3ED025E26A88 /* Pods_midiacerta.framework */ = {isa = PBXFileReference; explicitFileType = wrapper.framework; includeInIndex = 0; path = Pods_midiacerta.framework; sourceTree = BUILT_PRODUCTS_DIR; };
		F4B6323AA6B2C4414B2D4844 /* Pods-midiacerta.release.xcconfig */ = {isa = PBXFileReference; includeInIndex = 1; lastKnownFileType = text.xcconfig; name = "Pods-midiacerta.release.xcconfig"; path = "Pods/Target Support Files/Pods-midiacerta/Pods-midiacerta.release.xcconfig"; sourceTree = "<group>"; };
/* End PBXFileReference section */

/* Begin PBXFrameworksBuildPhase section */
		6803A0EB21D2E38300DEB823 /* Frameworks */ = {
			isa = PBXFrameworksBuildPhase;
			buildActionMask = 2147483647;
			files = (
				BA8714E0AC42128FED9B0E13 /* Pods_midiacerta.framework in Frameworks */,
			);
			runOnlyForDeploymentPostprocessing = 0;
		};
/* End PBXFrameworksBuildPhase section */

/* Begin PBXGroup section */
		2F27405696A7E7A488B27BB7 /* Frameworks */ = {
			isa = PBXGroup;
			children = (
				919536BA814A3ED025E26A88 /* Pods_midiacerta.framework */,
			);
			name = Frameworks;
			sourceTree = "<group>";
		};
		6803A0E521D2E38300DEB823 = {
			isa = PBXGroup;
			children = (
				6803A0F021D2E38300DEB823 /* midiacerta */,
				6803A0EF21D2E38300DEB823 /* Products */,
				77A3BC2AF9E33763DDA6DADF /* Pods */,
				2F27405696A7E7A488B27BB7 /* Frameworks */,
			);
			sourceTree = "<group>";
		};
		6803A0EF21D2E38300DEB823 /* Products */ = {
			isa = PBXGroup;
			children = (
				6803A0EE21D2E38300DEB823 /* midiacerta.app */,
			);
			name = Products;
			sourceTree = "<group>";
		};
		6803A0F021D2E38300DEB823 /* midiacerta */ = {
			isa = PBXGroup;
			children = (
				6803A0F121D2E38300DEB823 /* AppDelegate.swift */,
				6803A0F321D2E38300DEB823 /* ViewController.swift */,
				6803A10321D2FCAE00DEB823 /* Icon-App-83.5x83.5@2x.png */,
				6803A0F521D2E38300DEB823 /* Main.storyboard */,
				6803A0F821D2E38500DEB823 /* Assets.xcassets */,
				6803A0FA21D2E38500DEB823 /* LaunchScreen.storyboard */,
				6803A0FD21D2E38500DEB823 /* Info.plist */,
			);
			path = midiacerta;
			sourceTree = "<group>";
		};
		77A3BC2AF9E33763DDA6DADF /* Pods */ = {
			isa = PBXGroup;
			children = (
				0769F0DF64199B49AEDA6885 /* Pods-midiacerta.debug.xcconfig */,
				F4B6323AA6B2C4414B2D4844 /* Pods-midiacerta.release.xcconfig */,
			);
			name = Pods;
			sourceTree = "<group>";
		};
/* End PBXGroup section */

/* Begin PBXNativeTarget section */
		6803A0ED21D2E38300DEB823 /* midiacerta */ = {
			isa = PBXNativeTarget;
			buildConfigurationList = 6803A10021D2E38500DEB823 /* Build configuration list for PBXNativeTarget "midiacerta" */;
			buildPhases = (
				762CE22F43510E04DCFFC2D2 /* [CP] Check Pods Manifest.lock */,
				6803A0EA21D2E38300DEB823 /* Sources */,
				6803A0EB21D2E38300DEB823 /* Frameworks */,
				6803A0EC21D2E38300DEB823 /* Resources */,
			);
			buildRules = (
			);
			dependencies = (
			);
			name = midiacerta;
			productName = midiacerta;
			productReference = 6803A0EE21D2E38300DEB823 /* midiacerta.app */;
			productType = "com.apple.product-type.application";
		};
/* End PBXNativeTarget section */

/* Begin PBXProject section */
		6803A0E621D2E38300DEB823 /* Project object */ = {
			isa = PBXProject;
			attributes = {
				LastSwiftUpdateCheck = 1010;
				LastUpgradeCheck = 1010;
				ORGANIZATIONNAME = "Media Certa";
				TargetAttributes = {
					6803A0ED21D2E38300DEB823 = {
						CreatedOnToolsVersion = 10.1;
					};
				};
			};
			buildConfigurationList = 6803A0E921D2E38300DEB823 /* Build configuration list for PBXProject "midiacerta" */;
			compatibilityVersion = "Xcode 9.3";
			developmentRegion = en;
			hasScannedForEncodings = 0;
			knownRegions = (
				en,
				Base,
			);
			mainGroup = 6803A0E521D2E38300DEB823;
			productRefGroup = 6803A0EF21D2E38300DEB823 /* Products */;
			projectDirPath = "";
			projectRoot = "";
			targets = (
				6803A0ED21D2E38300DEB823 /* midiacerta */,
			);
		};
/* End PBXProject section */

/* Begin PBXResourcesBuildPhase section */
		6803A0EC21D2E38300DEB823 /* Resources */ = {
			isa = PBXResourcesBuildPhase;
			buildActionMask = 2147483647;
			files = (
				6803A0FC21D2E38500DEB823 /* LaunchScreen.storyboard in Resources */,
				6803A0F921D2E38500DEB823 /* Assets.xcassets in Resources */,
				6803A10421D2FCAE00DEB823 /* Icon-App-83.5x83.5@2x.png in Resources */,
				6803A0F721D2E38300DEB823 /* Main.storyboard in Resources */,
			);
			runOnlyForDeploymentPostprocessing = 0;
		};
/* End PBXResourcesBuildPhase section */

/* Begin PBXShellScriptBuildPhase section */
		762CE22F43510E04DCFFC2D2 /* [CP] Check Pods Manifest.lock */ = {
			isa = PBXShellScriptBuildPhase;
			buildActionMask = 2147483647;
			files = (
			);
			inputFileListPaths = (
			);
			inputPaths = (
				"${PODS_PODFILE_DIR_PATH}/Podfile.lock",
				"${PODS_ROOT}/Manifest.lock",
			);
			name = "[CP] Check Pods Manifest.lock";
			outputFileListPaths = (
			);
			outputPaths = (
				"$(DERIVED_FILE_DIR)/Pods-midiacerta-checkManifestLockResult.txt",
			);
			runOnlyForDeploymentPostprocessing = 0;
			shellPath = /bin/sh;
			shellScript = "diff \"${PODS_PODFILE_DIR_PATH}/Podfile.lock\" \"${PODS_ROOT}/Manifest.lock\" > /dev/null\nif [ $? != 0 ] ; then\n    # print error to STDERR\n    echo \"error: The sandbox is not in sync with the Podfile.lock. Run 'pod install' or update your CocoaPods installation.\" >&2\n    exit 1\nfi\n# This output is used by Xcode 'outputs' to avoid re-running this script phase.\necho \"SUCCESS\" > \"${SCRIPT_OUTPUT_FILE_0}\"\n";
			showEnvVarsInLog = 0;
		};
/* End PBXShellScriptBuildPhase section */

/* Begin PBXSourcesBuildPhase section */
		6803A0EA21D2E38300DEB823 /* Sources */ = {
			isa = PBXSourcesBuildPhase;
			buildActionMask = 2147483647;
			files = (
				6803A0F421D2E38300DEB823 /* ViewController.swift in Sources */,
				6803A0F221D2E38300DEB823 /* AppDelegate.swift in Sources */,
			);
			runOnlyForDeploymentPostprocessing = 0;
		};
/* End PBXSourcesBuildPhase section */

/* Begin PBXVariantGroup section */
		6803A0F521D2E38300DEB823 /* Main.storyboard */ = {
			isa = PBXVariantGroup;
			children = (
				6803A0F621D2E38300DEB823 /* Base */,
			);
			name = Main.storyboard;
			sourceTree = "<group>";
		};
		6803A0FA21D2E38500DEB823 /* LaunchScreen.storyboard */ = {
			isa = PBXVariantGroup;
			children = (
				6803A0FB21D2E38500DEB823 /* Base */,
			);
			name = LaunchScreen.storyboard;
			sourceTree = "<group>";
		};
/* End PBXVariantGroup section */

/* Begin XCBuildConfiguration section */
		6803A0FE21D2E38500DEB823 /* Debug */ = {
			isa = XCBuildConfiguration;
			buildSettings = {
				ALWAYS_SEARCH_USER_PATHS = NO;
				CLANG_ANALYZER_NONNULL = YES;
				CLANG_ANALYZER_NUMBER_OBJECT_CONVERSION = YES_AGGRESSIVE;
				CLANG_CXX_LANGUAGE_STANDARD = "gnu++14";
				CLANG_CXX_LIBRARY = "libc++";
				CLANG_ENABLE_MODULES = YES;
				CLANG_ENABLE_OBJC_ARC = YES;
				CLANG_ENABLE_OBJC_WEAK = YES;
				CLANG_WARN_BLOCK_CAPTURE_AUTORELEASING = YES;
				CLANG_WARN_BOOL_CONVERSION = YES;
				CLANG_WARN_COMMA = YES;
				CLANG_WARN_CONSTANT_CONVERSION = YES;
				CLANG_WARN_DEPRECATED_OBJC_IMPLEMENTATIONS = YES;
				CLANG_WARN_DIRECT_OBJC_ISA_USAGE = YES_ERROR;
				CLANG_WARN_DOCUMENTATION_COMMENTS = YES;
				CLANG_WARN_EMPTY_BODY = YES;
				CLANG_WARN_ENUM_CONVERSION = YES;
				CLANG_WARN_INFINITE_RECURSION = YES;
				CLANG_WARN_INT_CONVERSION = YES;
				CLANG_WARN_NON_LITERAL_NULL_CONVERSION = YES;
				CLANG_WARN_OBJC_IMPLICIT_RETAIN_SELF = YES;
				CLANG_WARN_OBJC_LITERAL_CONVERSION = YES;
				CLANG_WARN_OBJC_ROOT_CLASS = YES_ERROR;
				CLANG_WARN_RANGE_LOOP_ANALYSIS = YES;
				CLANG_WARN_STRICT_PROTOTYPES = YES;
				CLANG_WARN_SUSPICIOUS_MOVE = YES;
				CLANG_WARN_UNGUARDED_AVAILABILITY = YES_AGGRESSIVE;
				CLANG_WARN_UNREACHABLE_CODE = YES;
				CLANG_WARN__DUPLICATE_METHOD_MATCH = YES;
				CODE_SIGN_IDENTITY = "iPhone Developer";
				COPY_PHASE_STRIP = NO;
				DEBUG_INFORMATION_FORMAT = dwarf;
				ENABLE_STRICT_OBJC_MSGSEND = YES;
				ENABLE_TESTABILITY = YES;
				GCC_C_LANGUAGE_STANDARD = gnu11;
				GCC_DYNAMIC_NO_PIC = NO;
				GCC_NO_COMMON_BLOCKS = YES;
				GCC_OPTIMIZATION_LEVEL = 0;
				GCC_PREPROCESSOR_DEFINITIONS = (
					"DEBUG=1",
					"$(inherited)",
				);
				GCC_WARN_64_TO_32_BIT_CONVERSION = YES;
				GCC_WARN_ABOUT_RETURN_TYPE = YES_ERROR;
				GCC_WARN_UNDECLARED_SELECTOR = YES;
				GCC_WARN_UNINITIALIZED_AUTOS = YES_AGGRESSIVE;
				GCC_WARN_UNUSED_FUNCTION = YES;
				GCC_WARN_UNUSED_VARIABLE = YES;
				IPHONEOS_DEPLOYMENT_TARGET = 12.1;
				MTL_ENABLE_DEBUG_INFO = INCLUDE_SOURCE;
				MTL_FAST_MATH = YES;
				ONLY_ACTIVE_ARCH = YES;
				SDKROOT = iphoneos;
				SWIFT_ACTIVE_COMPILATION_CONDITIONS = DEBUG;
				SWIFT_OPTIMIZATION_LEVEL = "-Onone";
			};
			name = Debug;
		};
		6803A0FF21D2E38500DEB823 /* Release */ = {
			isa = XCBuildConfiguration;
			buildSettings = {
				ALWAYS_SEARCH_USER_PATHS = NO;
				CLANG_ANALYZER_NONNULL = YES;
				CLANG_ANALYZER_NUMBER_OBJECT_CONVERSION = YES_AGGRESSIVE;
				CLANG_CXX_LANGUAGE_STANDARD = "gnu++14";
				CLANG_CXX_LIBRARY = "libc++";
				CLANG_ENABLE_MODULES = YES;
				CLANG_ENABLE_OBJC_ARC = YES;
				CLANG_ENABLE_OBJC_WEAK = YES;
				CLANG_WARN_BLOCK_CAPTURE_AUTORELEASING = YES;
				CLANG_WARN_BOOL_CONVERSION = YES;
				CLANG_WARN_COMMA = YES;
				CLANG_WARN_CONSTANT_CONVERSION = YES;
				CLANG_WARN_DEPRECATED_OBJC_IMPLEMENTATIONS = YES;
				CLANG_WARN_DIRECT_OBJC_ISA_USAGE = YES_ERROR;
				CLANG_WARN_DOCUMENTATION_COMMENTS = YES;
				CLANG_WARN_EMPTY_BODY = YES;
				CLANG_WARN_ENUM_CONVERSION = YES;
				CLANG_WARN_INFINITE_RECURSION = YES;
				CLANG_WARN_INT_CONVERSION = YES;
				CLANG_WARN_NON_LITERAL_NULL_CONVERSION = YES;
				CLANG_WARN_OBJC_IMPLICIT_RETAIN_SELF = YES;
				CLANG_WARN_OBJC_LITERAL_CONVERSION = YES;
				CLANG_WARN_OBJC_ROOT_CLASS = YES_ERROR;
				CLANG_WARN_RANGE_LOOP_ANALYSIS = YES;
				CLANG_WARN_STRICT_PROTOTYPES = YES;
				CLANG_WARN_SUSPICIOUS_MOVE = YES;
				CLANG_WARN_UNGUARDED_AVAILABILITY = YES_AGGRESSIVE;
				CLANG_WARN_UNREACHABLE_CODE = YES;
				CLANG_WARN__DUPLICATE_METHOD_MATCH = YES;
				CODE_SIGN_IDENTITY = "iPhone Developer";
				COPY_PHASE_STRIP = NO;
				DEBUG_INFORMATION_FORMAT = "dwarf-with-dsym";
				ENABLE_NS_ASSERTIONS = NO;
				ENABLE_STRICT_OBJC_MSGSEND = YES;
				GCC_C_LANGUAGE_STANDARD = gnu11;
				GCC_NO_COMMON_BLOCKS = YES;
				GCC_WARN_64_TO_32_BIT_CONVERSION = YES;
				GCC_WARN_ABOUT_RETURN_TYPE = YES_ERROR;
				GCC_WARN_UNDECLARED_SELECTOR = YES;
				GCC_WARN_UNINITIALIZED_AUTOS = YES_AGGRESSIVE;
				GCC_WARN_UNUSED_FUNCTION = YES;
				GCC_WARN_UNUSED_VARIABLE = YES;
				IPHONEOS_DEPLOYMENT_TARGET = 12.1;
				MTL_ENABLE_DEBUG_INFO = NO;
				MTL_FAST_MATH = YES;
				SDKROOT = iphoneos;
				SWIFT_COMPILATION_MODE = wholemodule;
				SWIFT_OPTIMIZATION_LEVEL = "-O";
				VALIDATE_PRODUCT = YES;
			};
			name = Release;
		};
		6803A10121D2E38500DEB823 /* Debug */ = {
			isa = XCBuildConfiguration;
			baseConfigurationReference = 0769F0DF64199B49AEDA6885 /* Pods-midiacerta.debug.xcconfig */;
			buildSettings = {
				ASSETCATALOG_COMPILER_APPICON_NAME = AppIcon;
				CODE_SIGN_STYLE = Automatic;
				DEVELOPMENT_TEAM = 33ESDVCXAU;
				INFOPLIST_FILE = midiacerta/Info.plist;
				IPHONEOS_DEPLOYMENT_TARGET = 9.2;
				LD_RUNPATH_SEARCH_PATHS = (
					"$(inherited)",
					"@executable_path/Frameworks",
				);
				PRODUCT_BUNDLE_IDENTIFIER = br.com.pouperapido.midiacerta;
				PRODUCT_NAME = "$(TARGET_NAME)";
				SWIFT_VERSION = 4.2;
				TARGETED_DEVICE_FAMILY = "1,2";
			};
			name = Debug;
		};
		6803A10221D2E38500DEB823 /* Release */ = {
			isa = XCBuildConfiguration;
			baseConfigurationReference = F4B6323AA6B2C4414B2D4844 /* Pods-midiacerta.release.xcconfig */;
			buildSettings = {
				ASSETCATALOG_COMPILER_APPICON_NAME = AppIcon;
				CODE_SIGN_STYLE = Automatic;
				DEVELOPMENT_TEAM = 33ESDVCXAU;
				INFOPLIST_FILE = midiacerta/Info.plist;
				IPHONEOS_DEPLOYMENT_TARGET = 9.2;
				LD_RUNPATH_SEARCH_PATHS = (
					"$(inherited)",
					"@executable_path/Frameworks",
				);
				PRODUCT_BUNDLE_IDENTIFIER = br.com.pouperapido.midiacerta;
				PRODUCT_NAME = "$(TARGET_NAME)";
				SWIFT_VERSION = 4.2;
				TARGETED_DEVICE_FAMILY = "1,2";
			};
			name = Release;
		};
/* End XCBuildConfiguration section */

/* Begin XCConfigurationList section */
		6803A0E921D2E38300DEB823 /* Build configuration list for PBXProject "midiacerta" */ = {
			isa = XCConfigurationList;
			buildConfigurations = (
				6803A0FE21D2E38500DEB823 /* Debug */,
				6803A0FF21D2E38500DEB823 /* Release */,
			);
			defaultConfigurationIsVisible = 0;
			defaultConfigurationName = Release;
		};
		6803A10021D2E38500DEB823 /* Build configuration list for PBXNativeTarget "midiacerta" */ = {
			isa = XCConfigurationList;
			buildConfigurations = (
				6803A10121D2E38500DEB823 /* Debug */,
				6803A10221D2E38500DEB823 /* Release */,
			);
			defaultConfigurationIsVisible = 0;
			defaultConfigurationName = Release;
		};
/* End XCConfigurationList section */
	};
	rootObject = 6803A0E621D2E38300DEB823 /* Project object */;
}
